
Microsoft Visual Studio Solution File, Format Version 12.00
# Visual Studio Version 16
VisualStudioVersion = 16.0.30204.135
MinimumVisualStudioVersion = 10.0.40219.1
Project("{9A19103F-16F7-4668-BE54-9A1E7A4F7556}") = "MG.Collections", "MG.Collections\MG.Collections.csproj", "{18777B4F-53AA-418B-8217-0FA25376CF6A}"
EndProject
Project("{9A19103F-16F7-4668-BE54-9A1E7A4F7556}") = "MG.Collections.Tests", "MG.Collections.Tests\MG.Collections.Tests.csproj", "{DB20A274-163B-4329-8116-379939CBCC92}"
EndProject
Project("{9A19103F-16F7-4668-BE54-9A1E7A4F7556}") = "MG.Collections-NET5", "MG.Collections-DotNet5\MG.Collections-NET5.csproj", "{182D96CF-AD28-4DAF-BE04-40DEF10CB589}"
EndProject
Project("{FAE04EC0-301F-11D3-BF4B-00C04F79EFBC}") = "MG.Collections.Wpf", "MG.Collections.Wpf\MG.Collections.Wpf.csproj", "{84725A76-3B45-4DAE-8D35-8009113517F1}"
EndProject
Project("{9A19103F-16F7-4668-BE54-9A1E7A4F7556}") = "MG.Collections.Wpf-NET5", "MG.Collections.Wpf-NET5\MG.Collections.Wpf-NET5.csproj", "{C906A96B-7A61-4BA3-8EE3-7A8F0A6178D4}"
EndProject
Project("{2150E333-8FDC-42A3-9474-1A3956D46DE8}") = "Solution Items", "Solution Items", "{EB079B1D-F969-4A77-989B-FD551250F5DF}"
	ProjectSection(SolutionItems) = preProject
		.editorconfig = .editorconfig
	EndProjectSection
EndProject
Project("{FAE04EC0-301F-11D3-BF4B-00C04F79EFBC}") = "MG.Collections.Wpf-NETCore3.1", "MG.Collections.Wpf-NETCore3.1\MG.Collections.Wpf-NETCore3.1.csproj", "{72B061CF-DFAD-4697-8897-B129BA72BEC6}"
EndProject
Global
	GlobalSection(SolutionConfigurationPlatforms) = preSolution
		Debug|Any CPU = Debug|Any CPU
		Release|Any CPU = Release|Any CPU
	EndGlobalSection
	GlobalSection(ProjectConfigurationPlatforms) = postSolution
		{18777B4F-53AA-418B-8217-0FA25376CF6A}.Debug|Any CPU.ActiveCfg = Debug|Any CPU
		{18777B4F-53AA-418B-8217-0FA25376CF6A}.Debug|Any CPU.Build.0 = Debug|Any CPU
		{18777B4F-53AA-418B-8217-0FA25376CF6A}.Release|Any CPU.ActiveCfg = Release|Any CPU
		{18777B4F-53AA-418B-8217-0FA25376CF6A}.Release|Any CPU.Build.0 = Release|Any CPU
		{DB20A274-163B-4329-8116-379939CBCC92}.Debug|Any CPU.ActiveCfg = Debug|Any CPU
		{DB20A274-163B-4329-8116-379939CBCC92}.Debug|Any CPU.Build.0 = Debug|Any CPU
		{DB20A274-163B-4329-8116-379939CBCC92}.Release|Any CPU.ActiveCfg = Release|Any CPU
		{DB20A274-163B-4329-8116-379939CBCC92}.Release|Any CPU.Build.0 = Release|Any CPU
		{182D96CF-AD28-4DAF-BE04-40DEF10CB589}.Debug|Any CPU.ActiveCfg = Debug|Any CPU
		{182D96CF-AD28-4DAF-BE04-40DEF10CB589}.Debug|Any CPU.Build.0 = Debug|Any CPU
		{182D96CF-AD28-4DAF-BE04-40DEF10CB589}.Release|Any CPU.ActiveCfg = Release|Any CPU
		{182D96CF-AD28-4DAF-BE04-40DEF10CB589}.Release|Any CPU.Build.0 = Release|Any CPU
		{84725A76-3B45-4DAE-8D35-8009113517F1}.Debug|Any CPU.ActiveCfg = Debug|Any CPU
		{84725A76-3B45-4DAE-8D35-8009113517F1}.Debug|Any CPU.Build.0 = Debug|Any CPU
		{84725A76-3B45-4DAE-8D35-8009113517F1}.Release|Any CPU.ActiveCfg = Release|Any CPU
		{84725A76-3B45-4DAE-8D35-8009113517F1}.Release|Any CPU.Build.0 = Release|Any CPU
		{C906A96B-7A61-4BA3-8EE3-7A8F0A6178D4}.Debug|Any CPU.ActiveCfg = Debug|Any CPU
		{C906A96B-7A61-4BA3-8EE3-7A8F0A6178D4}.Debug|Any CPU.Build.0 = Debug|Any CPU
		{C906A96B-7A61-4BA3-8EE3-7A8F0A6178D4}.Release|Any CPU.ActiveCfg = Release|Any CPU
		{C906A96B-7A61-4BA3-8EE3-7A8F0A6178D4}.Release|Any CPU.Build.0 = Release|Any CPU
		{72B061CF-DFAD-4697-8897-B129BA72BEC6}.Debug|Any CPU.ActiveCfg = Debug|Any CPU
		{72B061CF-DFAD-4697-8897-B129BA72BEC6}.Debug|Any CPU.Build.0 = Debug|Any CPU
		{72B061CF-DFAD-4697-8897-B129BA72BEC6}.Release|Any CPU.ActiveCfg = Release|Any CPU
		{72B061CF-DFAD-4697-8897-B129BA72BEC6}.Release|Any CPU.Build.0 = Release|Any CPU
	EndGlobalSection
	GlobalSection(SolutionProperties) = preSolution
		HideSolutionNode = FALSE
	EndGlobalSection
	GlobalSection(ExtensibilityGlobals) = postSolution
		SolutionGuid = {C5962539-323C-492F-A0C5-E3CEAAA7CB74}
	EndGlobalSection
EndGlobal
